
Microsoft Visual Studio Solution File, Format Version 12.00
# Visual Studio Version 17
VisualStudioVersion = 17.2.32616.157
MinimumVisualStudioVersion = 10.0.40219.1
Project("{FAE04EC0-301F-11D3-BF4B-00C04F79EFBC}") = "Asp Site", "Asp Site\Asp Site.csproj", "{0A3E9B7F-040D-4202-8871-E6D7F7EA610D}"
EndProject
Global
	GlobalSection(SolutionConfigurationPlatforms) = preSolution
		Debug|Any CPU = Debug|Any CPU
		Release|Any CPU = Release|Any CPU
	EndGlobalSection
	GlobalSection(ProjectConfigurationPlatforms) = postSolution
		{0A3E9B7F-040D-4202-8871-E6D7F7EA610D}.Debug|Any CPU.ActiveCfg = Debug|Any CPU
		{0A3E9B7F-040D-4202-8871-E6D7F7EA610D}.Debug|Any CPU.Build.0 = Debug|Any CPU
		{0A3E9B7F-040D-4202-8871-E6D7F7EA610D}.Release|Any CPU.ActiveCfg = Release|Any CPU
		{0A3E9B7F-040D-4202-8871-E6D7F7EA610D}.Release|Any CPU.Build.0 = Release|Any CPU
	EndGlobalSection
	GlobalSection(SolutionProperties) = preSolution
		HideSolutionNode = FALSE
	EndGlobalSection
	GlobalSection(ExtensibilityGlobals) = postSolution
		SolutionGuid = {C94BE9A2-BC23-47E8-9BE2-9C84AB8BABA3}
	EndGlobalSection
EndGlobal
