
Microsoft Visual Studio Solution File, Format Version 12.00
# Visual Studio Version 17
VisualStudioVersion = 17.2.32616.157
MinimumVisualStudioVersion = 10.0.40219.1
Project("{FAE04EC0-301F-11D3-BF4B-00C04F79EFBC}") = "CSharp8", "CSharp8\CSharp8.csproj", "{BFD46738-F7A5-4F24-8671-352D335AAB30}"
EndProject
Project("{FAE04EC0-301F-11D3-BF4B-00C04F79EFBC}") = "DemoLibrary", "DemoLibrary\DemoLibrary.csproj", "{6D509C85-475C-418A-93BC-FF0C9CD9761A}"
EndProject
Global
	GlobalSection(SolutionConfigurationPlatforms) = preSolution
		Debug|Any CPU = Debug|Any CPU
		Release|Any CPU = Release|Any CPU
	EndGlobalSection
	GlobalSection(ProjectConfigurationPlatforms) = postSolution
		{BFD46738-F7A5-4F24-8671-352D335AAB30}.Debug|Any CPU.ActiveCfg = Debug|Any CPU
		{BFD46738-F7A5-4F24-8671-352D335AAB30}.Debug|Any CPU.Build.0 = Debug|Any CPU
		{BFD46738-F7A5-4F24-8671-352D335AAB30}.Release|Any CPU.ActiveCfg = Release|Any CPU
		{BFD46738-F7A5-4F24-8671-352D335AAB30}.Release|Any CPU.Build.0 = Release|Any CPU
		{6D509C85-475C-418A-93BC-FF0C9CD9761A}.Debug|Any CPU.ActiveCfg = Debug|Any CPU
		{6D509C85-475C-418A-93BC-FF0C9CD9761A}.Debug|Any CPU.Build.0 = Debug|Any CPU
		{6D509C85-475C-418A-93BC-FF0C9CD9761A}.Release|Any CPU.ActiveCfg = Release|Any CPU
		{6D509C85-475C-418A-93BC-FF0C9CD9761A}.Release|Any CPU.Build.0 = Release|Any CPU
	EndGlobalSection
	GlobalSection(SolutionProperties) = preSolution
		HideSolutionNode = FALSE
	EndGlobalSection
	GlobalSection(ExtensibilityGlobals) = postSolution
		SolutionGuid = {BD3E0889-EEE1-423B-B58F-2DC3D3631C2A}
	EndGlobalSection
EndGlobal
