
Microsoft Visual Studio Solution File, Format Version 12.00
# Visual Studio Version 17
VisualStudioVersion = 17.2.32616.157
MinimumVisualStudioVersion = 10.0.40219.1
Project("{FAE04EC0-301F-11D3-BF4B-00C04F79EFBC}") = "CosoleUI", "CosoleUI\CosoleUI.csproj", "{B894E334-591A-454E-8E30-FBB22FD5B616}"
EndProject
Global
	GlobalSection(SolutionConfigurationPlatforms) = preSolution
		Debug|Any CPU = Debug|Any CPU
		Release|Any CPU = Release|Any CPU
	EndGlobalSection
	GlobalSection(ProjectConfigurationPlatforms) = postSolution
		{B894E334-591A-454E-8E30-FBB22FD5B616}.Debug|Any CPU.ActiveCfg = Debug|Any CPU
		{B894E334-591A-454E-8E30-FBB22FD5B616}.Debug|Any CPU.Build.0 = Debug|Any CPU
		{B894E334-591A-454E-8E30-FBB22FD5B616}.Release|Any CPU.ActiveCfg = Release|Any CPU
		{B894E334-591A-454E-8E30-FBB22FD5B616}.Release|Any CPU.Build.0 = Release|Any CPU
	EndGlobalSection
	GlobalSection(SolutionProperties) = preSolution
		HideSolutionNode = FALSE
	EndGlobalSection
	GlobalSection(ExtensibilityGlobals) = postSolution
		SolutionGuid = {18686EF4-0F2B-41D6-8DDD-AC20085FDE39}
	EndGlobalSection
EndGlobal
