
Microsoft Visual Studio Solution File, Format Version 12.00
# Visual Studio Version 17
VisualStudioVersion = 17.2.32616.157
MinimumVisualStudioVersion = 10.0.40219.1
Project("{9A19103F-16F7-4668-BE54-9A1E7A4F7556}") = "PizzaShop", "PizzaShop\PizzaShop.csproj", "{CCFBBB87-1407-4B32-B01A-F40B5F7B26AB}"
EndProject
Global
	GlobalSection(SolutionConfigurationPlatforms) = preSolution
		Debug|Any CPU = Debug|Any CPU
		Release|Any CPU = Release|Any CPU
	EndGlobalSection
	GlobalSection(ProjectConfigurationPlatforms) = postSolution
		{CCFBBB87-1407-4B32-B01A-F40B5F7B26AB}.Debug|Any CPU.ActiveCfg = Debug|Any CPU
		{CCFBBB87-1407-4B32-B01A-F40B5F7B26AB}.Debug|Any CPU.Build.0 = Debug|Any CPU
		{CCFBBB87-1407-4B32-B01A-F40B5F7B26AB}.Release|Any CPU.ActiveCfg = Release|Any CPU
		{CCFBBB87-1407-4B32-B01A-F40B5F7B26AB}.Release|Any CPU.Build.0 = Release|Any CPU
	EndGlobalSection
	GlobalSection(SolutionProperties) = preSolution
		HideSolutionNode = FALSE
	EndGlobalSection
	GlobalSection(ExtensibilityGlobals) = postSolution
		SolutionGuid = {2F1B4DD3-9AD8-4578-B3FB-AA94A840B472}
	EndGlobalSection
EndGlobal
