
Microsoft Visual Studio Solution File, Format Version 12.00
# Visual Studio Version 17
VisualStudioVersion = 17.2.32616.157
MinimumVisualStudioVersion = 10.0.40219.1
Project("{FAE04EC0-301F-11D3-BF4B-00C04F79EFBC}") = "ExtensionDemo", "ExtensionDemo\ExtensionDemo.csproj", "{8357168C-F36F-4408-9EE0-E47FFD174140}"
EndProject
Global
	GlobalSection(SolutionConfigurationPlatforms) = preSolution
		Debug|Any CPU = Debug|Any CPU
		Release|Any CPU = Release|Any CPU
	EndGlobalSection
	GlobalSection(ProjectConfigurationPlatforms) = postSolution
		{8357168C-F36F-4408-9EE0-E47FFD174140}.Debug|Any CPU.ActiveCfg = Debug|Any CPU
		{8357168C-F36F-4408-9EE0-E47FFD174140}.Debug|Any CPU.Build.0 = Debug|Any CPU
		{8357168C-F36F-4408-9EE0-E47FFD174140}.Release|Any CPU.ActiveCfg = Release|Any CPU
		{8357168C-F36F-4408-9EE0-E47FFD174140}.Release|Any CPU.Build.0 = Release|Any CPU
	EndGlobalSection
	GlobalSection(SolutionProperties) = preSolution
		HideSolutionNode = FALSE
	EndGlobalSection
	GlobalSection(ExtensibilityGlobals) = postSolution
		SolutionGuid = {94B0AED5-D273-4DC8-90AA-346EA7DF4CE4}
	EndGlobalSection
EndGlobal
