
Microsoft Visual Studio Solution File, Format Version 12.00
# Visual Studio Version 17
VisualStudioVersion = 17.2.32616.157
MinimumVisualStudioVersion = 10.0.40219.1
Project("{FAE04EC0-301F-11D3-BF4B-00C04F79EFBC}") = "ViewStateDemo", "ViewStateDemo\ViewStateDemo.csproj", "{4767268B-C4DB-4699-BB29-3A7337823D9A}"
EndProject
Global
	GlobalSection(SolutionConfigurationPlatforms) = preSolution
		Debug|Any CPU = Debug|Any CPU
		Release|Any CPU = Release|Any CPU
	EndGlobalSection
	GlobalSection(ProjectConfigurationPlatforms) = postSolution
		{4767268B-C4DB-4699-BB29-3A7337823D9A}.Debug|Any CPU.ActiveCfg = Debug|Any CPU
		{4767268B-C4DB-4699-BB29-3A7337823D9A}.Debug|Any CPU.Build.0 = Debug|Any CPU
		{4767268B-C4DB-4699-BB29-3A7337823D9A}.Release|Any CPU.ActiveCfg = Release|Any CPU
		{4767268B-C4DB-4699-BB29-3A7337823D9A}.Release|Any CPU.Build.0 = Release|Any CPU
	EndGlobalSection
	GlobalSection(SolutionProperties) = preSolution
		HideSolutionNode = FALSE
	EndGlobalSection
	GlobalSection(ExtensibilityGlobals) = postSolution
		SolutionGuid = {5277E6FA-E3A1-4AD0-B675-9A0F3970040C}
	EndGlobalSection
EndGlobal
